PODS:
  - RxSwift (4.2.0)
  - SnapKit (4.0.0)

DEPENDENCIES:
  - RxSwift (~> 4.1)
  - SnapKit (~> 4.0.0)

SPEC REPOS:
  https://github.com/cocoapods/specs.git:
    - RxSwift
    - SnapKit

SPEC CHECKSUMS:
  RxSwift: 99e10317ddfcc7fbe01356aafd118fde4a0be104
  SnapKit: a42d492c16e80209130a3379f73596c3454b7694

PODFILE CHECKSUM: edcf1f460e9901a4f581319790abaaa38c698c13

COCOAPODS: 1.5.3
